// !$*UTF8*$!
{
	archiveVersion = 1;
	classes = {
	};
	objectVersion = 50;
	objects = {

/* Begin PBXBuildFile section */
		6831D4C6257D3F3300BD7A54 /* AppDelegate.swift in Sources */ = {isa = PBXBuildFile; fileRef = 6831D4C5257D3F3300BD7A54 /* AppDelegate.swift */; };
		6831D4C8257D3F3300BD7A54 /* SceneDelegate.swift in Sources */ = {isa = PBXBuildFile; fileRef = 6831D4C7257D3F3300BD7A54 /* SceneDelegate.swift */; };
		6831D4CA257D3F3300BD7A54 /* ViewController.swift in Sources */ = {isa = PBXBuildFile; fileRef = 6831D4C9257D3F3300BD7A54 /* ViewController.swift */; };
		6831D4CD257D3F3300BD7A54 /* Main.storyboard in Resources */ = {isa = PBXBuildFile; fileRef = 6831D4CB257D3F3300BD7A54 /* Main.storyboard */; };
		6831D4CF257D3F3500BD7A54 /* Assets.xcassets in Resources */ = {isa = PBXBuildFile; fileRef = 6831D4CE257D3F3500BD7A54 /* Assets.xcassets */; };
		6831D4D2257D3F3500BD7A54 /* LaunchScreen.storyboard in Resources */ = {isa = PBXBuildFile; fileRef = 6831D4D0257D3F3500BD7A54 /* LaunchScreen.storyboard */; };
		6831D4F125801D0900BD7A54 /* Constants.swift in Sources */ = {isa = PBXBuildFile; fileRef = 6831D4F025801D0900BD7A54 /* Constants.swift */; };
		6831D4F525801F4200BD7A54 /* ImageBrain.swift in Sources */ = {isa = PBXBuildFile; fileRef = 6831D4F425801F4200BD7A54 /* ImageBrain.swift */; };
/* End PBXBuildFile section */

/* Begin PBXFileReference section */
		6831D4C2257D3F3300BD7A54 /* Multithreading.app */ = {isa = PBXFileReference; explicitFileType = wrapper.application; includeInIndex = 0; path = Multithreading.app; sourceTree = BUILT_PRODUCTS_DIR; };
		6831D4C5257D3F3300BD7A54 /* AppDelegate.swift */ = {isa = PBXFileReference; lastKnownFileType = sourcecode.swift; path = AppDelegate.swift; sourceTree = "<group>"; };
		6831D4C7257D3F3300BD7A54 /* SceneDelegate.swift */ = {isa = PBXFileReference; lastKnownFileType = sourcecode.swift; path = SceneDelegate.swift; sourceTree = "<group>"; };
		6831D4C9257D3F3300BD7A54 /* ViewController.swift */ = {isa = PBXFileReference; lastKnownFileType = sourcecode.swift; path = ViewController.swift; sourceTree = "<group>"; };
		6831D4CC257D3F3300BD7A54 /* Base */ = {isa = PBXFileReference; lastKnownFileType = file.storyboard; name = Base; path = Base.lproj/Main.storyboard; sourceTree = "<group>"; };
		6831D4CE257D3F3500BD7A54 /* Assets.xcassets */ = {isa = PBXFileReference; lastKnownFileType = folder.assetcatalog; path = Assets.xcassets; sourceTree = "<group>"; };
		6831D4D1257D3F3500BD7A54 /* Base */ = {isa = PBXFileReference; lastKnownFileType = file.storyboard; name = Base; path = Base.lproj/LaunchScreen.storyboard; sourceTree = "<group>"; };
		6831D4D3257D3F3500BD7A54 /* Info.plist */ = {isa = PBXFileReference; lastKnownFileType = text.plist.xml; path = Info.plist; sourceTree = "<group>"; };
		6831D4F025801D0900BD7A54 /* Constants.swift */ = {isa = PBXFileReference; lastKnownFileType = sourcecode.swift; path = Constants.swift; sourceTree = "<group>"; };
		6831D4F425801F4200BD7A54 /* ImageBrain.swift */ = {isa = PBXFileReference; lastKnownFileType = sourcecode.swift; path = ImageBrain.swift; sourceTree = "<group>"; };
/* End PBXFileReference section */

/* Begin PBXFrameworksBuildPhase section */
		6831D4BF257D3F3300BD7A54 /* Frameworks */ = {
			isa = PBXFrameworksBuildPhase;
			buildActionMask = 2147483647;
			files = (
			);
			runOnlyForDeploymentPostprocessing = 0;
		};
/* End PBXFrameworksBuildPhase section */

/* Begin PBXGroup section */
		6831D4B9257D3F3300BD7A54 = {
			isa = PBXGroup;
			children = (
				6831D4C4257D3F3300BD7A54 /* Multithreading */,
				6831D4C3257D3F3300BD7A54 /* Products */,
			);
			sourceTree = "<group>";
		};
		6831D4C3257D3F3300BD7A54 /* Products */ = {
			isa = PBXGroup;
			children = (
				6831D4C2257D3F3300BD7A54 /* Multithreading.app */,
			);
			name = Products;
			sourceTree = "<group>";
		};
		6831D4C4257D3F3300BD7A54 /* Multithreading */ = {
			isa = PBXGroup;
			children = (
				6831D4C5257D3F3300BD7A54 /* AppDelegate.swift */,
				6831D4C7257D3F3300BD7A54 /* SceneDelegate.swift */,
				6831D4C9257D3F3300BD7A54 /* ViewController.swift */,
				6831D4F425801F4200BD7A54 /* ImageBrain.swift */,
				6831D4F025801D0900BD7A54 /* Constants.swift */,
				6831D4CB257D3F3300BD7A54 /* Main.storyboard */,
				6831D4CE257D3F3500BD7A54 /* Assets.xcassets */,
				6831D4D0257D3F3500BD7A54 /* LaunchScreen.storyboard */,
				6831D4D3257D3F3500BD7A54 /* Info.plist */,
			);
			path = Multithreading;
			sourceTree = "<group>";
		};
/* End PBXGroup section */

/* Begin PBXNativeTarget section */
		6831D4C1257D3F3300BD7A54 /* Multithreading */ = {
			isa = PBXNativeTarget;
			buildConfigurationList = 6831D4D6257D3F3500BD7A54 /* Build configuration list for PBXNativeTarget "Multithreading" */;
			buildPhases = (
				6831D4BE257D3F3300BD7A54 /* Sources */,
				6831D4BF257D3F3300BD7A54 /* Frameworks */,
				6831D4C0257D3F3300BD7A54 /* Resources */,
			);
			buildRules = (
			);
			dependencies = (
			);
			name = Multithreading;
			productName = Multithreading;
			productReference = 6831D4C2257D3F3300BD7A54 /* Multithreading.app */;
			productType = "com.apple.product-type.application";
		};
/* End PBXNativeTarget section */

/* Begin PBXProject section */
		6831D4BA257D3F3300BD7A54 /* Project object */ = {
			isa = PBXProject;
			attributes = {
				LastSwiftUpdateCheck = 1220;
				LastUpgradeCheck = 1220;
				TargetAttributes = {
					6831D4C1257D3F3300BD7A54 = {
						CreatedOnToolsVersion = 12.2;
					};
				};
			};
			buildConfigurationList = 6831D4BD257D3F3300BD7A54 /* Build configuration list for PBXProject "Multithreading" */;
			compatibilityVersion = "Xcode 9.3";
			developmentRegion = en;
			hasScannedForEncodings = 0;
			knownRegions = (
				en,
				Base,
			);
			mainGroup = 6831D4B9257D3F3300BD7A54;
			productRefGroup = 6831D4C3257D3F3300BD7A54 /* Products */;
			projectDirPath = "";
			projectRoot = "";
			targets = (
				6831D4C1257D3F3300BD7A54 /* Multithreading */,
			);
		};
/* End PBXProject section */

/* Begin PBXResourcesBuildPhase section */
		6831D4C0257D3F3300BD7A54 /* Resources */ = {
			isa = PBXResourcesBuildPhase;
			buildActionMask = 2147483647;
			files = (
				6831D4D2257D3F3500BD7A54 /* LaunchScreen.storyboard in Resources */,
				6831D4CF257D3F3500BD7A54 /* Assets.xcassets in Resources */,
				6831D4CD257D3F3300BD7A54 /* Main.storyboard in Resources */,
			);
			runOnlyForDeploymentPostprocessing = 0;
		};
/* End PBXResourcesBuildPhase section */

/* Begin PBXSourcesBuildPhase section */
		6831D4BE257D3F3300BD7A54 /* Sources */ = {
			isa = PBXSourcesBuildPhase;
			buildActionMask = 2147483647;
			files = (
				6831D4CA257D3F3300BD7A54 /* ViewController.swift in Sources */,
				6831D4C6257D3F3300BD7A54 /* AppDelegate.swift in Sources */,
				6831D4C8257D3F3300BD7A54 /* SceneDelegate.swift in Sources */,
				6831D4F525801F4200BD7A54 /* ImageBrain.swift in Sources */,
				6831D4F125801D0900BD7A54 /* Constants.swift in Sources */,
			);
			runOnlyForDeploymentPostprocessing = 0;
		};
/* End PBXSourcesBuildPhase section */

/* Begin PBXVariantGroup section */
		6831D4CB257D3F3300BD7A54 /* Main.storyboard */ = {
			isa = PBXVariantGroup;
			children = (
				6831D4CC257D3F3300BD7A54 /* Base */,
			);
			name = Main.storyboard;
			sourceTree = "<group>";
		};
		6831D4D0257D3F3500BD7A54 /* LaunchScreen.storyboard */ = {
			isa = PBXVariantGroup;
			children = (
				6831D4D1257D3F3500BD7A54 /* Base */,
			);
			name = LaunchScreen.storyboard;
			sourceTree = "<group>";
		};
/* End PBXVariantGroup section */

/* Begin XCBuildConfiguration section */
		6831D4D4257D3F3500BD7A54 /* Debug */ = {
			isa = XCBuildConfiguration;
			buildSettings = {
				ALWAYS_SEARCH_USER_PATHS = NO;
				CLANG_ANALYZER_NONNULL = YES;
				CLANG_ANALYZER_NUMBER_OBJECT_CONVERSION = YES_AGGRESSIVE;
				CLANG_CXX_LANGUAGE_STANDARD = "gnu++14";
				CLANG_CXX_LIBRARY = "libc++";
				CLANG_ENABLE_MODULES = YES;
				CLANG_ENABLE_OBJC_ARC = YES;
				CLANG_ENABLE_OBJC_WEAK = YES;
				CLANG_WARN_BLOCK_CAPTURE_AUTORELEASING = YES;
				CLANG_WARN_BOOL_CONVERSION = YES;
				CLANG_WARN_COMMA = YES;
				CLANG_WARN_CONSTANT_CONVERSION = YES;
				CLANG_WARN_DEPRECATED_OBJC_IMPLEMENTATIONS = YES;
				CLANG_WARN_DIRECT_OBJC_ISA_USAGE = YES_ERROR;
				CLANG_WARN_DOCUMENTATION_COMMENTS = YES;
				CLANG_WARN_EMPTY_BODY = YES;
				CLANG_WARN_ENUM_CONVERSION = YES;
				CLANG_WARN_INFINITE_RECURSION = YES;
				CLANG_WARN_INT_CONVERSION = YES;
				CLANG_WARN_NON_LITERAL_NULL_CONVERSION = YES;
				CLANG_WARN_OBJC_IMPLICIT_RETAIN_SELF = YES;
				CLANG_WARN_OBJC_LITERAL_CONVERSION = YES;
				CLANG_WARN_OBJC_ROOT_CLASS = YES_ERROR;
				CLANG_WARN_QUOTED_INCLUDE_IN_FRAMEWORK_HEADER = YES;
				CLANG_WARN_RANGE_LOOP_ANALYSIS = YES;
				CLANG_WARN_STRICT_PROTOTYPES = YES;
				CLANG_WARN_SUSPICIOUS_MOVE = YES;
				CLANG_WARN_UNGUARDED_AVAILABILITY = YES_AGGRESSIVE;
				CLANG_WARN_UNREACHABLE_CODE = YES;
				CLANG_WARN__DUPLICATE_METHOD_MATCH = YES;
				COPY_PHASE_STRIP = NO;
				DEBUG_INFORMATION_FORMAT = dwarf;
				ENABLE_STRICT_OBJC_MSGSEND = YES;
				ENABLE_TESTABILITY = YES;
				GCC_C_LANGUAGE_STANDARD = gnu11;
				GCC_DYNAMIC_NO_PIC = NO;
				GCC_NO_COMMON_BLOCKS = YES;
				GCC_OPTIMIZATION_LEVEL = 0;
				GCC_PREPROCESSOR_DEFINITIONS = (
					"DEBUG=1",
					"$(inherited)",
				);
				GCC_WARN_64_TO_32_BIT_CONVERSION = YES;
				GCC_WARN_ABOUT_RETURN_TYPE = YES_ERROR;
				GCC_WARN_UNDECLARED_SELECTOR = YES;
				GCC_WARN_UNINITIALIZED_AUTOS = YES_AGGRESSIVE;
				GCC_WARN_UNUSED_FUNCTION = YES;
				GCC_WARN_UNUSED_VARIABLE = YES;
				IPHONEOS_DEPLOYMENT_TARGET = 14.2;
				MTL_ENABLE_DEBUG_INFO = INCLUDE_SOURCE;
				MTL_FAST_MATH = YES;
				ONLY_ACTIVE_ARCH = YES;
				SDKROOT = iphoneos;
				SWIFT_ACTIVE_COMPILATION_CONDITIONS = DEBUG;
				SWIFT_OPTIMIZATION_LEVEL = "-Onone";
			};
			name = Debug;
		};
		6831D4D5257D3F3500BD7A54 /* Release */ = {
			isa = XCBuildConfiguration;
			buildSettings = {
				ALWAYS_SEARCH_USER_PATHS = NO;
				CLANG_ANALYZER_NONNULL = YES;
				CLANG_ANALYZER_NUMBER_OBJECT_CONVERSION = YES_AGGRESSIVE;
				CLANG_CXX_LANGUAGE_STANDARD = "gnu++14";
				CLANG_CXX_LIBRARY = "libc++";
				CLANG_ENABLE_MODULES = YES;
				CLANG_ENABLE_OBJC_ARC = YES;
				CLANG_ENABLE_OBJC_WEAK = YES;
				CLANG_WARN_BLOCK_CAPTURE_AUTORELEASING = YES;
				CLANG_WARN_BOOL_CONVERSION = YES;
				CLANG_WARN_COMMA = YES;
				CLANG_WARN_CONSTANT_CONVERSION = YES;
				CLANG_WARN_DEPRECATED_OBJC_IMPLEMENTATIONS = YES;
				CLANG_WARN_DIRECT_OBJC_ISA_USAGE = YES_ERROR;
				CLANG_WARN_DOCUMENTATION_COMMENTS = YES;
				CLANG_WARN_EMPTY_BODY = YES;
				CLANG_WARN_ENUM_CONVERSION = YES;
				CLANG_WARN_INFINITE_RECURSION = YES;
				CLANG_WARN_INT_CONVERSION = YES;
				CLANG_WARN_NON_LITERAL_NULL_CONVERSION = YES;
				CLANG_WARN_OBJC_IMPLICIT_RETAIN_SELF = YES;
				CLANG_WARN_OBJC_LITERAL_CONVERSION = YES;
				CLANG_WARN_OBJC_ROOT_CLASS = YES_ERROR;
				CLANG_WARN_QUOTED_INCLUDE_IN_FRAMEWORK_HEADER = YES;
				CLANG_WARN_RANGE_LOOP_ANALYSIS = YES;
				CLANG_WARN_STRICT_PROTOTYPES = YES;
				CLANG_WARN_SUSPICIOUS_MOVE = YES;
				CLANG_WARN_UNGUARDED_AVAILABILITY = YES_AGGRESSIVE;
				CLANG_WARN_UNREACHABLE_CODE = YES;
				CLANG_WARN__DUPLICATE_METHOD_MATCH = YES;
				COPY_PHASE_STRIP = NO;
				DEBUG_INFORMATION_FORMAT = "dwarf-with-dsym";
				ENABLE_NS_ASSERTIONS = NO;
				ENABLE_STRICT_OBJC_MSGSEND = YES;
				GCC_C_LANGUAGE_STANDARD = gnu11;
				GCC_NO_COMMON_BLOCKS = YES;
				GCC_WARN_64_TO_32_BIT_CONVERSION = YES;
				GCC_WARN_ABOUT_RETURN_TYPE = YES_ERROR;
				GCC_WARN_UNDECLARED_SELECTOR = YES;
				GCC_WARN_UNINITIALIZED_AUTOS = YES_AGGRESSIVE;
				GCC_WARN_UNUSED_FUNCTION = YES;
				GCC_WARN_UNUSED_VARIABLE = YES;
				IPHONEOS_DEPLOYMENT_TARGET = 14.2;
				MTL_ENABLE_DEBUG_INFO = NO;
				MTL_FAST_MATH = YES;
				SDKROOT = iphoneos;
				SWIFT_COMPILATION_MODE = wholemodule;
				SWIFT_OPTIMIZATION_LEVEL = "-O";
				VALIDATE_PRODUCT = YES;
			};
			name = Release;
		};
		6831D4D7257D3F3500BD7A54 /* Debug */ = {
			isa = XCBuildConfiguration;
			buildSettings = {
				ASSETCATALOG_COMPILER_APPICON_NAME = AppIcon;
				ASSETCATALOG_COMPILER_GLOBAL_ACCENT_COLOR_NAME = AccentColor;
				CODE_SIGN_STYLE = Automatic;
				DEVELOPMENT_TEAM = G8XDUUWJVM;
				INFOPLIST_FILE = Multithreading/Info.plist;
				LD_RUNPATH_SEARCH_PATHS = (
					"$(inherited)",
					"@executable_path/Frameworks",
				);
				PRODUCT_BUNDLE_IDENTIFIER = Petrovskaya.Multithreading;
				PRODUCT_NAME = "$(TARGET_NAME)";
				SWIFT_VERSION = 5.0;
				TARGETED_DEVICE_FAMILY = "1,2";
			};
			name = Debug;
		};
		6831D4D8257D3F3500BD7A54 /* Release */ = {
			isa = XCBuildConfiguration;
			buildSettings = {
				ASSETCATALOG_COMPILER_APPICON_NAME = AppIcon;
				ASSETCATALOG_COMPILER_GLOBAL_ACCENT_COLOR_NAME = AccentColor;
				CODE_SIGN_STYLE = Automatic;
				DEVELOPMENT_TEAM = G8XDUUWJVM;
				INFOPLIST_FILE = Multithreading/Info.plist;
				LD_RUNPATH_SEARCH_PATHS = (
					"$(inherited)",
					"@executable_path/Frameworks",
				);
				PRODUCT_BUNDLE_IDENTIFIER = Petrovskaya.Multithreading;
				PRODUCT_NAME = "$(TARGET_NAME)";
				SWIFT_VERSION = 5.0;
				TARGETED_DEVICE_FAMILY = "1,2";
			};
			name = Release;
		};
/* End XCBuildConfiguration section */

/* Begin XCConfigurationList section */
		6831D4BD257D3F3300BD7A54 /* Build configuration list for PBXProject "Multithreading" */ = {
			isa = XCConfigurationList;
			buildConfigurations = (
				6831D4D4257D3F3500BD7A54 /* Debug */,
				6831D4D5257D3F3500BD7A54 /* Release */,
			);
			defaultConfigurationIsVisible = 0;
			defaultConfigurationName = Release;
		};
		6831D4D6257D3F3500BD7A54 /* Build configuration list for PBXNativeTarget "Multithreading" */ = {
			isa = XCConfigurationList;
			buildConfigurations = (
				6831D4D7257D3F3500BD7A54 /* Debug */,
				6831D4D8257D3F3500BD7A54 /* Release */,
			);
			defaultConfigurationIsVisible = 0;
			defaultConfigurationName = Release;
		};
/* End XCConfigurationList section */
	};
	rootObject = 6831D4BA257D3F3300BD7A54 /* Project object */;
}
